
Microsoft Visual Studio Solution File, Format Version 12.00
# Visual Studio Version 16
VisualStudioVersion = 16.0.31019.35
MinimumVisualStudioVersion = 10.0.40219.1
Project("{FAE04EC0-301F-11D3-BF4B-00C04F79EFBC}") = "SolidColours", "SolidColours\SolidColours.csproj", "{D41DF5D3-5C3D-4211-8E36-D899CC94DA41}"
EndProject
Global
	GlobalSection(SolutionConfigurationPlatforms) = preSolution
		Debug|Any CPU = Debug|Any CPU
		Release|Any CPU = Release|Any CPU
	EndGlobalSection
	GlobalSection(ProjectConfigurationPlatforms) = postSolution
		{D41DF5D3-5C3D-4211-8E36-D899CC94DA41}.Debug|Any CPU.ActiveCfg = Debug|Any CPU
		{D41DF5D3-5C3D-4211-8E36-D899CC94DA41}.Debug|Any CPU.Build.0 = Debug|Any CPU
		{D41DF5D3-5C3D-4211-8E36-D899CC94DA41}.Release|Any CPU.ActiveCfg = Release|Any CPU
		{D41DF5D3-5C3D-4211-8E36-D899CC94DA41}.Release|Any CPU.Build.0 = Release|Any CPU
	EndGlobalSection
	GlobalSection(SolutionProperties) = preSolution
		HideSolutionNode = FALSE
	EndGlobalSection
	GlobalSection(ExtensibilityGlobals) = postSolution
		SolutionGuid = {4D9AAFC7-E73F-469C-B141-0B649D7F8984}
	EndGlobalSection
EndGlobal
